
Microsoft Visual Studio Solution File, Format Version 12.00
# Visual Studio Version 17
VisualStudioVersion = 17.4.33213.308
MinimumVisualStudioVersion = 10.0.40219.1
Project("{FAE04EC0-301F-11D3-BF4B-00C04F79EFBC}") = "A. Bear and Big Brother", "A. Bear and Big Brother\A. Bear and Big Brother.csproj", "{C5A943C2-A038-493D-B0BE-4724DA453AA6}"
EndProject
Global
	GlobalSection(SolutionConfigurationPlatforms) = preSolution
		Debug|Any CPU = Debug|Any CPU
		Release|Any CPU = Release|Any CPU
	EndGlobalSection
	GlobalSection(ProjectConfigurationPlatforms) = postSolution
		{C5A943C2-A038-493D-B0BE-4724DA453AA6}.Debug|Any CPU.ActiveCfg = Debug|Any CPU
		{C5A943C2-A038-493D-B0BE-4724DA453AA6}.Debug|Any CPU.Build.0 = Debug|Any CPU
		{C5A943C2-A038-493D-B0BE-4724DA453AA6}.Release|Any CPU.ActiveCfg = Release|Any CPU
		{C5A943C2-A038-493D-B0BE-4724DA453AA6}.Release|Any CPU.Build.0 = Release|Any CPU
	EndGlobalSection
	GlobalSection(SolutionProperties) = preSolution
		HideSolutionNode = FALSE
	EndGlobalSection
	GlobalSection(ExtensibilityGlobals) = postSolution
		SolutionGuid = {2F4CCB86-8EF7-4297-86BA-78C64A164631}
	EndGlobalSection
EndGlobal
