
Microsoft Visual Studio Solution File, Format Version 12.00
# Visual Studio Version 17
VisualStudioVersion = 17.4.33213.308
MinimumVisualStudioVersion = 10.0.40219.1
Project("{FAE04EC0-301F-11D3-BF4B-00C04F79EFBC}") = "A. Stones on the Table", "A. Stones on the Table\A. Stones on the Table.csproj", "{6EEE11EA-3C73-4E22-A009-86C4D8B7F7EB}"
EndProject
Global
	GlobalSection(SolutionConfigurationPlatforms) = preSolution
		Debug|Any CPU = Debug|Any CPU
		Release|Any CPU = Release|Any CPU
	EndGlobalSection
	GlobalSection(ProjectConfigurationPlatforms) = postSolution
		{6EEE11EA-3C73-4E22-A009-86C4D8B7F7EB}.Debug|Any CPU.ActiveCfg = Debug|Any CPU
		{6EEE11EA-3C73-4E22-A009-86C4D8B7F7EB}.Debug|Any CPU.Build.0 = Debug|Any CPU
		{6EEE11EA-3C73-4E22-A009-86C4D8B7F7EB}.Release|Any CPU.ActiveCfg = Release|Any CPU
		{6EEE11EA-3C73-4E22-A009-86C4D8B7F7EB}.Release|Any CPU.Build.0 = Release|Any CPU
	EndGlobalSection
	GlobalSection(SolutionProperties) = preSolution
		HideSolutionNode = FALSE
	EndGlobalSection
	GlobalSection(ExtensibilityGlobals) = postSolution
		SolutionGuid = {4F47FC8B-BD38-4AF8-B24D-173D5A4C6FDE}
	EndGlobalSection
EndGlobal
