
Microsoft Visual Studio Solution File, Format Version 12.00
# Visual Studio Version 17
VisualStudioVersion = 17.4.33213.308
MinimumVisualStudioVersion = 10.0.40219.1
Project("{FAE04EC0-301F-11D3-BF4B-00C04F79EFBC}") = "A. Beautiful Matrix", "A. Beautiful Matrix\A. Beautiful Matrix.csproj", "{F2B8C19F-036F-47FC-A0AE-E2130979EE5B}"
EndProject
Global
	GlobalSection(SolutionConfigurationPlatforms) = preSolution
		Debug|Any CPU = Debug|Any CPU
		Release|Any CPU = Release|Any CPU
	EndGlobalSection
	GlobalSection(ProjectConfigurationPlatforms) = postSolution
		{F2B8C19F-036F-47FC-A0AE-E2130979EE5B}.Debug|Any CPU.ActiveCfg = Debug|Any CPU
		{F2B8C19F-036F-47FC-A0AE-E2130979EE5B}.Debug|Any CPU.Build.0 = Debug|Any CPU
		{F2B8C19F-036F-47FC-A0AE-E2130979EE5B}.Release|Any CPU.ActiveCfg = Release|Any CPU
		{F2B8C19F-036F-47FC-A0AE-E2130979EE5B}.Release|Any CPU.Build.0 = Release|Any CPU
	EndGlobalSection
	GlobalSection(SolutionProperties) = preSolution
		HideSolutionNode = FALSE
	EndGlobalSection
	GlobalSection(ExtensibilityGlobals) = postSolution
		SolutionGuid = {AC1CC182-BAF5-4866-B712-073E626CBDDC}
	EndGlobalSection
EndGlobal
